
Microsoft Visual Studio Solution File, Format Version 12.00
# Visual Studio 14
VisualStudioVersion = 14.0.25420.1
MinimumVisualStudioVersion = 10.0.40219.1
Project("{2150E333-8FDC-42A3-9474-1A3956D46DE8}") = "src", "src", "{4D4474E7-97D6-42DE-AD8D-C20E2EE97B06}"
EndProject
Project("{2150E333-8FDC-42A3-9474-1A3956D46DE8}") = "Solution Items", "Solution Items", "{C099ABA1-2439-4DDE-9C7E-AD85B8443909}"
	ProjectSection(SolutionItems) = preProject
		global.json = global.json
	EndProjectSection
EndProject
Project("{8BB2217D-0F2D-49D1-97BC-3654ED321F3B}") = "SportsStoreH9", "src\SportsStoreH9\SportsStoreH9.xproj", "{C3CE893C-B71A-4067-AE4F-D4864B2540C0}"
EndProject
Project("{2150E333-8FDC-42A3-9474-1A3956D46DE8}") = "tests", "tests", "{978F6F6A-4B5D-4852-87BE-220C51518203}"
EndProject
Project("{8BB2217D-0F2D-49D1-97BC-3654ED321F3B}") = "SportsStore.Tests", "tests\SportsStore.Tests\SportsStore.Tests.xproj", "{90089C8E-8D81-4C45-9FDC-B60A383E68F4}"
EndProject
Global
	GlobalSection(SolutionConfigurationPlatforms) = preSolution
		Debug|Any CPU = Debug|Any CPU
		Release|Any CPU = Release|Any CPU
	EndGlobalSection
	GlobalSection(ProjectConfigurationPlatforms) = postSolution
		{C3CE893C-B71A-4067-AE4F-D4864B2540C0}.Debug|Any CPU.ActiveCfg = Debug|Any CPU
		{C3CE893C-B71A-4067-AE4F-D4864B2540C0}.Debug|Any CPU.Build.0 = Debug|Any CPU
		{C3CE893C-B71A-4067-AE4F-D4864B2540C0}.Release|Any CPU.ActiveCfg = Release|Any CPU
		{C3CE893C-B71A-4067-AE4F-D4864B2540C0}.Release|Any CPU.Build.0 = Release|Any CPU
		{90089C8E-8D81-4C45-9FDC-B60A383E68F4}.Debug|Any CPU.ActiveCfg = Debug|Any CPU
		{90089C8E-8D81-4C45-9FDC-B60A383E68F4}.Debug|Any CPU.Build.0 = Debug|Any CPU
		{90089C8E-8D81-4C45-9FDC-B60A383E68F4}.Release|Any CPU.ActiveCfg = Release|Any CPU
		{90089C8E-8D81-4C45-9FDC-B60A383E68F4}.Release|Any CPU.Build.0 = Release|Any CPU
	EndGlobalSection
	GlobalSection(SolutionProperties) = preSolution
		HideSolutionNode = FALSE
	EndGlobalSection
	GlobalSection(NestedProjects) = preSolution
		{C3CE893C-B71A-4067-AE4F-D4864B2540C0} = {4D4474E7-97D6-42DE-AD8D-C20E2EE97B06}
		{90089C8E-8D81-4C45-9FDC-B60A383E68F4} = {978F6F6A-4B5D-4852-87BE-220C51518203}
	EndGlobalSection
EndGlobal
